
Microsoft Visual Studio Solution File, Format Version 12.00
# Visual Studio Version 17
VisualStudioVersion = 17.11.35327.3
MinimumVisualStudioVersion = 10.0.40219.1
Project("{FAE04EC0-301F-11D3-BF4B-00C04F79EFBC}") = "SimpleHotelManagement", "SimpleHotelManagement.csproj", "{83651D4D-E3B4-4739-AC89-6884483FEA14}"
EndProject
Global
	GlobalSection(SolutionConfigurationPlatforms) = preSolution
		Debug|Any CPU = Debug|Any CPU
		Release|Any CPU = Release|Any CPU
	EndGlobalSection
	GlobalSection(ProjectConfigurationPlatforms) = postSolution
		{83651D4D-E3B4-4739-AC89-6884483FEA14}.Debug|Any CPU.ActiveCfg = Debug|Any CPU
		{83651D4D-E3B4-4739-AC89-6884483FEA14}.Debug|Any CPU.Build.0 = Debug|Any CPU
		{83651D4D-E3B4-4739-AC89-6884483FEA14}.Release|Any CPU.ActiveCfg = Release|Any CPU
		{83651D4D-E3B4-4739-AC89-6884483FEA14}.Release|Any CPU.Build.0 = Release|Any CPU
	EndGlobalSection
	GlobalSection(SolutionProperties) = preSolution
		HideSolutionNode = FALSE
	EndGlobalSection
	GlobalSection(ExtensibilityGlobals) = postSolution
		SolutionGuid = {B8FAC01F-EAED-4BA6-9443-E45346768B4D}
	EndGlobalSection
EndGlobal
