
Microsoft Visual Studio Solution File, Format Version 12.00
# Visual Studio Version 17
VisualStudioVersion = 17.9.34728.123
MinimumVisualStudioVersion = 10.0.40219.1
Project("{FAE04EC0-301F-11D3-BF4B-00C04F79EFBC}") = "ProgramHotel", "ProgramHotel\ProgramHotel.csproj", "{25F50501-6351-465B-A47A-F8B591C19BA4}"
EndProject
Global
	GlobalSection(SolutionConfigurationPlatforms) = preSolution
		Debug|Any CPU = Debug|Any CPU
		Release|Any CPU = Release|Any CPU
	EndGlobalSection
	GlobalSection(ProjectConfigurationPlatforms) = postSolution
		{25F50501-6351-465B-A47A-F8B591C19BA4}.Debug|Any CPU.ActiveCfg = Debug|Any CPU
		{25F50501-6351-465B-A47A-F8B591C19BA4}.Debug|Any CPU.Build.0 = Debug|Any CPU
		{25F50501-6351-465B-A47A-F8B591C19BA4}.Release|Any CPU.ActiveCfg = Release|Any CPU
		{25F50501-6351-465B-A47A-F8B591C19BA4}.Release|Any CPU.Build.0 = Release|Any CPU
	EndGlobalSection
	GlobalSection(SolutionProperties) = preSolution
		HideSolutionNode = FALSE
	EndGlobalSection
	GlobalSection(ExtensibilityGlobals) = postSolution
		SolutionGuid = {1D7F8BA2-ADA5-4866-A1BB-5AAFFD19BE76}
	EndGlobalSection
EndGlobal
